# THIS IS AN AUTOGENERATED FILE. DO NOT EDIT THIS FILE DIRECTLY.
# yarn lockfile v1


simple-validation-tools@^1.4.9:
  version "1.4.9"
  resolved "https://registry.yarnpkg.com/simple-validation-tools/-/simple-validation-tools-1.4.9.tgz#447fd85dd0830a1e49d7fa598ff383975772d43a"
  integrity sha512-5csGOyrzhOkCoLJU4za2smE+v43OaDC5G28XEMJWX5uqoP93RMq4bBAkUaD2ayFe/tC3iCPwVxdL5l0bw/3kQQ==
