# THIS IS AN AUTOGENERATED FILE. DO NOT EDIT THIS FILE DIRECTLY.
# yarn lockfile v1


simple-validation-tools@^1.4.5:
  version "1.4.5"
  resolved "https://registry.yarnpkg.com/simple-validation-tools/-/simple-validation-tools-1.4.5.tgz#6708e2c05da49d0818f432f52a52166c5c677f56"
  integrity sha512-WscoBxtwsAYsufg1DN1hyV6QGN0ciussll8wf7OT+PFOiAwdO33B4aO3pI2Ej9lcQnravXRq8hj+K1jqtusKdQ==
