# THIS IS AN AUTOGENERATED FILE. DO NOT EDIT THIS FILE DIRECTLY.
# yarn lockfile v1


simple-validation-tools@^1.4.12:
  version "1.4.12"
  resolved "https://registry.yarnpkg.com/simple-validation-tools/-/simple-validation-tools-1.4.12.tgz#f8246395b2e719e3d33f11785dee9404e5739ea7"
  integrity sha512-oOJYf0DmdNc87tm+lyw8fax30A/RlAEDlAX9cOc3bOCP/lXbBpk/xm6W9tTLbiRT/FqpuPCy+lJN3zLk5M4WUQ==
