# This file was autogenerated by Stack.
# You should not edit this file by hand.
# For more information, please see the documentation at:
#   https://docs.haskellstack.org/en/stable/lock_files

packages:
- completed:
    size: 59907
    subdir: qtility
    url: https://github.com/quanterall/qtility/archive/feebd3658c48ca15caea9007f2a545019a246521.tar.gz
    name: qtility
    version: 1.3.0
    sha256: 62dc0e6268b21ee6acad450b0d89e747fed123a97bede7d809370e4c7e0f74ea
    pantry-tree:
      size: 1657
      sha256: 3b82085b41c38d5895b0ed6561eb2e35e1aa308483def52d04825ec25377f6be
  original:
    subdir: qtility
    url: https://github.com/quanterall/qtility/archive/feebd3658c48ca15caea9007f2a545019a246521.tar.gz
snapshots:
- completed:
    size: 590100
    url: https://raw.githubusercontent.com/commercialhaskell/stackage-snapshots/master/lts/18/28.yaml
    sha256: 428ec8d5ce932190d3cbe266b9eb3c175cd81e984babf876b64019e2cbe4ea68
  original: lts-18.28
